{
  "lockfileVersion": 1,
  "configVersion": 1,
  "workspaces": {
    "": {
      "dependencies": {
        "@opencode-ai/plugin": "1.2.12",
      },
    },
  },
  "packages": {
    "@opencode-ai/plugin": ["@opencode-ai/plugin@1.2.12", "", { "dependencies": { "@opencode-ai/sdk": "1.2.12", "zod": "4.1.8" } }, "sha512-7JI/Non1P87P73GKEGBaC6VjStTW8eCevXN0MyG+quxyA8VgnJhutgSmkRKj+3hFI8ASC52TVYJUBOsurA9Utg=="],

    "@opencode-ai/sdk": ["@opencode-ai/sdk@1.2.12", "", {}, "sha512-j5yVFoGvT3FVWJrZPWHgUcoDl38bB8gZF5NJ30PeqDPoS6kEfFIS4LzJmibNxD/rRM79C5KKgnQAQNet8JB8CQ=="],

    "zod": ["zod@4.1.8", "", {}, "sha512-5R1P+WwQqmmMIEACyzSvo4JXHY5WiAFHRMg+zBZKgKS+Q1viRa0C1hmUKtHltoIFKtIdki3pRxkmpP74jnNYHQ=="],
  }
}
